<Solution>
  <Folder Name="/Avalonia/">
    <Project Path="../Lyt.Avalonia/Lyt.Avalonia.Controls/Lyt.Avalonia.Controls.csproj" />
    <Project Path="../Lyt.Avalonia/Lyt.Avalonia.Mvvm/Lyt.Avalonia.Mvvm.csproj" />
  </Folder>
  <Folder Name="/SolutionItems/">
    <File Path="README.md" />
  </Folder>
  <Project Path="Lyt.Jigsaw.Desktop/Lyt.Jigsaw.Desktop.csproj" />
  <Project Path="Lyt.Jigsaw.Model/Lyt.Jigsaw.Model.csproj" />
  <Project Path="Lyt.Jigsaw/Lyt.Jigsaw.csproj" />
</Solution>
